{
    "_readme": [
        "This file locks the dependencies of your project to a known state",
        "Read more about it at https://getcomposer.org/doc/01-basic-usage.md#composer-lock-the-lock-file",
        "This file is @generated automatically"
    ],
    "hash": "9dc093a13f13798e6b23df5f490ca6b8",
    "content-hash": "bbf979bea68d405c67a7c5bc2060ecf4",
    "packages": [
        {
            "name": "leafo/scssphp",
            "version": "v0.6.0",
            "source": {
                "type": "git",
                "url": "https://github.com/leafo/scssphp.git",
                "reference": "e7d382952c4dffc29ae832a7a37ddc0f37e66e68"
            },
            "dist": {
                "type": "zip",
                "url": "https://api.github.com/repos/leafo/scssphp/zipball/e7d382952c4dffc29ae832a7a37ddc0f37e66e68",
                "reference": "e7d382952c4dffc29ae832a7a37ddc0f37e66e68",
                "shasum": ""
            },
            "require": {
                "php": ">=5.4.0"
            },
            "require-dev": {
                "kherge/box": "~2.5",
                "phpunit/phpunit": "~3.7",
                "squizlabs/php_codesniffer": "~2.3"
            },
            "bin": [
                "bin/pscss"
            ],
            "type": "library",
            "autoload": {
                "psr-4": {
                    "Leafo\\ScssPhp\\": "src/"
                }
            },
            "notification-url": "https://packagist.org/downloads/",
            "license": [
                "MIT"
            ],
            "authors": [
                {
                    "name": "Leaf Corcoran",
                    "email": "leafot@gmail.com",
                    "homepage": "http://leafo.net"
                }
            ],
            "description": "scssphp is a compiler for SCSS written in PHP.",
            "homepage": "http://leafo.github.io/scssphp/",
            "keywords": [
                "css",
                "less",
                "sass",
                "scss",
                "stylesheet"
            ],
            "time": "2015-12-04 05:49:08"
        },
        {
            "name": "lusitanian/oauth",
            "version": "v0.8.5",
            "source": {
                "type": "git",
                "url": "https://github.com/Lusitanian/PHPoAuthLib.git",
                "reference": "798260e55ac994636a9fa8b61adfdb67aab389c9"
            },
            "dist": {
                "type": "zip",
                "url": "https://api.github.com/repos/Lusitanian/PHPoAuthLib/zipball/798260e55ac994636a9fa8b61adfdb67aab389c9",
                "reference": "798260e55ac994636a9fa8b61adfdb67aab389c9",
                "shasum": ""
            },
            "require": {
                "php": ">=5.3.0"
            },
            "require-dev": {
                "phpunit/phpunit": "3.7.*",
                "predis/predis": "0.8.*@dev",
                "squizlabs/php_codesniffer": "2.*",
                "symfony/http-foundation": "~2.1"
            },
            "suggest": {
                "ext-openssl": "Allows for usage of secure connections with the stream-based HTTP client.",
                "predis/predis": "Allows using the Redis storage backend.",
                "symfony/http-foundation": "Allows using the Symfony Session storage backend."
            },
            "type": "library",
            "extra": {
                "branch-alias": {
                    "dev-master": "0.1-dev"
                }
            },
            "autoload": {
                "psr-0": {
                    "OAuth": "src",
                    "OAuth\\Unit": "tests"
                }
            },
            "notification-url": "https://packagist.org/downloads/",
            "license": [
                "MIT"
            ],
            "authors": [
                {
                    "name": "David Desberg",
                    "email": "david@daviddesberg.com"
                },
                {
                    "name": "Elliot Chance",
                    "email": "elliotchance@gmail.com"
                },
                {
                    "name": "Pieter Hordijk",
                    "email": "info@pieterhordijk.com"
                }
            ],
            "description": "PHP 5.3+ oAuth 1/2 Library",
            "keywords": [
                "Authentication",
                "authorization",
                "oauth",
                "security"
            ],
            "time": "2015-12-10 05:40:17"
        },
        {
            "name": "predis/predis",
            "version": "v1.0.3",
            "source": {
                "type": "git",
                "url": "https://github.com/nrk/predis.git",
                "reference": "84060b9034d756b4d79641667d7f9efe1aeb8e04"
            },
            "dist": {
                "type": "zip",
                "url": "https://api.github.com/repos/nrk/predis/zipball/84060b9034d756b4d79641667d7f9efe1aeb8e04",
                "reference": "84060b9034d756b4d79641667d7f9efe1aeb8e04",
                "shasum": ""
            },
            "require": {
                "php": ">=5.3.2"
            },
            "require-dev": {
                "phpunit/phpunit": "~4.0"
            },
            "suggest": {
                "ext-curl": "Allows access to Webdis when paired with phpiredis",
                "ext-phpiredis": "Allows faster serialization and deserialization of the Redis protocol"
            },
            "type": "library",
            "autoload": {
                "psr-4": {
                    "Predis\\": "src/"
                }
            },
            "notification-url": "https://packagist.org/downloads/",
            "license": [
                "MIT"
            ],
            "authors": [
                {
                    "name": "Daniele Alessandri",
                    "email": "suppakilla@gmail.com",
                    "homepage": "http://clorophilla.net"
                }
            ],
            "description": "Flexible and feature-complete PHP client library for Redis",
            "homepage": "http://github.com/nrk/predis",
            "keywords": [
                "nosql",
                "predis",
                "redis"
            ],
            "time": "2015-07-30 18:34:15"
        },
        {
            "name": "symfony/yaml",
            "version": "v3.0.0",
            "source": {
                "type": "git",
                "url": "https://github.com/symfony/yaml.git",
                "reference": "177a015cb0e19ff4a49e0e2e2c5fc1c1bee07002"
            },
            "dist": {
                "type": "zip",
                "url": "https://api.github.com/repos/symfony/yaml/zipball/177a015cb0e19ff4a49e0e2e2c5fc1c1bee07002",
                "reference": "177a015cb0e19ff4a49e0e2e2c5fc1c1bee07002",
                "shasum": ""
            },
            "require": {
                "php": ">=5.5.9"
            },
            "type": "library",
            "extra": {
                "branch-alias": {
                    "dev-master": "3.0-dev"
                }
            },
            "autoload": {
                "psr-4": {
                    "Symfony\\Component\\Yaml\\": ""
                },
                "exclude-from-classmap": [
                    "/Tests/"
                ]
            },
            "notification-url": "https://packagist.org/downloads/",
            "license": [
                "MIT"
            ],
            "authors": [
                {
                    "name": "Fabien Potencier",
                    "email": "fabien@symfony.com"
                },
                {
                    "name": "Symfony Community",
                    "homepage": "https://symfony.com/contributors"
                }
            ],
            "description": "Symfony Yaml Component",
            "homepage": "https://symfony.com",
            "time": "2015-11-30 12:36:17"
        },
        {
            "name": "tipsyphp/tipsy",
            "version": "dev-master",
            "source": {
                "type": "git",
                "url": "https://github.com/tipsyphp/tipsy.git",
                "reference": "d02beb0a46523a956edf11153785d949d88d2b9d"
            },
            "dist": {
                "type": "zip",
                "url": "https://api.github.com/repos/tipsyphp/tipsy/zipball/d02beb0a46523a956edf11153785d949d88d2b9d",
                "reference": "d02beb0a46523a956edf11153785d949d88d2b9d",
                "shasum": ""
            },
            "require": {
                "php": ">=5.4.0"
            },
            "require-dev": {
                "satooshi/php-coveralls": "dev-master"
            },
            "type": "library",
            "autoload": {
                "psr-4": {
                    "Tipsy\\": "src/"
                },
                "files": [
                    "src/Tipsy.php"
                ]
            },
            "notification-url": "https://packagist.org/downloads/",
            "license": [
                "MIT"
            ],
            "authors": [
                {
                    "name": "Devin Smith",
                    "email": "devin@tipsy.la",
                    "homepage": "http://devin.la",
                    "role": "Developer"
                }
            ],
            "description": "An MVW PHP framework",
            "keywords": [
                "framework",
                "mvc",
                "mvw",
                "php"
            ],
            "time": "2015-12-13 15:55:48"
        },
        {
            "name": "tipsyphp/tipsy-mvc",
            "version": "dev-master",
            "source": {
                "type": "git",
                "url": "https://github.com/tipsyphp/tipsy-mvc.git",
                "reference": "55623347ac980341874f24a38475cde7393a10da"
            },
            "dist": {
                "type": "zip",
                "url": "https://api.github.com/repos/tipsyphp/tipsy-mvc/zipball/55623347ac980341874f24a38475cde7393a10da",
                "reference": "55623347ac980341874f24a38475cde7393a10da",
                "shasum": ""
            },
            "require": {
                "php": ">=5.4.0",
                "tipsyphp/tipsy": "dev-master"
            },
            "require-dev": {
                "satooshi/php-coveralls": "dev-master"
            },
            "type": "library",
            "autoload": {
                "psr-4": {
                    "Tipsy\\MVC\\": "src/"
                },
                "files": [
                    "src/Run.php"
                ]
            },
            "notification-url": "https://packagist.org/downloads/",
            "license": [
                "MIT"
            ],
            "authors": [
                {
                    "name": "Devin Smith",
                    "email": "devin@tipsy.la",
                    "homepage": "http://devin.la",
                    "role": "Developer"
                }
            ],
            "description": "An MVC extension for Tipsy",
            "keywords": [
                "extension",
                "framework",
                "mvc",
                "php",
                "plugin"
            ],
            "time": "2015-12-11 02:18:24"
        }
    ],
    "packages-dev": [],
    "aliases": [],
    "minimum-stability": "stable",
    "stability-flags": {
        "tipsyphp/tipsy": 20,
        "tipsyphp/tipsy-mvc": 20
    },
    "prefer-stable": false,
    "prefer-lowest": false,
    "platform": [],
    "platform-dev": []
}
